# This file is automatically @generated by Cargo.
# It is not intended for manual editing.
version = 4

[[package]]
name = "eve-kernel"
version = "0.1.0"
dependencies = [
 "eve-plugin-api",
]

[[package]]
name = "eve-plugin-api"
version = "0.1.0"

[[package]]
name = "eve-runtime"
version = "0.1.0"
dependencies = [
 "eve-kernel",
 "eve-plugin-api",
]
